
Microsoft Visual Studio Solution File, Format Version 12.00
# Visual Studio Version 17
VisualStudioVersion = 17.4.33213.308
MinimumVisualStudioVersion = 10.0.40219.1
Project("{9A19103F-16F7-4668-BE54-9A1E7A4F7556}") = "Results", "Test Monitor\Results\Results.csproj", "{BE9DBDEA-6687-4625-A5E9-0D02A73E1ACB}"
EndProject
Project("{9A19103F-16F7-4668-BE54-9A1E7A4F7556}") = "DeleteResults", "Test Monitor\DeleteResults\DeleteResults.csproj", "{E8AC5591-53F0-455A-B1FE-08F621411872}"
EndProject
Global
	GlobalSection(SolutionConfigurationPlatforms) = preSolution
		Debug|Any CPU = Debug|Any CPU
		Release|Any CPU = Release|Any CPU
	EndGlobalSection
	GlobalSection(ProjectConfigurationPlatforms) = postSolution
		{BE9DBDEA-6687-4625-A5E9-0D02A73E1ACB}.Debug|Any CPU.ActiveCfg = Debug|Any CPU
		{BE9DBDEA-6687-4625-A5E9-0D02A73E1ACB}.Debug|Any CPU.Build.0 = Debug|Any CPU
		{BE9DBDEA-6687-4625-A5E9-0D02A73E1ACB}.Release|Any CPU.ActiveCfg = Release|Any CPU
		{BE9DBDEA-6687-4625-A5E9-0D02A73E1ACB}.Release|Any CPU.Build.0 = Release|Any CPU
		{E8AC5591-53F0-455A-B1FE-08F621411872}.Debug|Any CPU.ActiveCfg = Debug|Any CPU
		{E8AC5591-53F0-455A-B1FE-08F621411872}.Debug|Any CPU.Build.0 = Debug|Any CPU
		{E8AC5591-53F0-455A-B1FE-08F621411872}.Release|Any CPU.ActiveCfg = Release|Any CPU
		{E8AC5591-53F0-455A-B1FE-08F621411872}.Release|Any CPU.Build.0 = Release|Any CPU
	EndGlobalSection
	GlobalSection(SolutionProperties) = preSolution
		HideSolutionNode = FALSE
	EndGlobalSection
	GlobalSection(ExtensibilityGlobals) = postSolution
		SolutionGuid = {51E008D1-0C25-4AC1-A2DA-ECBB69D7E5DD}
	EndGlobalSection
EndGlobal
